
Microsoft Visual Studio Solution File, Format Version 12.00
# Visual Studio 15
VisualStudioVersion = 15.0.33026.149
MinimumVisualStudioVersion = 10.0.40219.1
Project("{8BC9CEB8-8B4A-11D0-8D11-00A0C91BC942}") = "testAflDll", "testAflDll\testAflDll.vcxproj", "{4F82F3CC-0CE0-4927-A588-694E05E8A8F7}"
EndProject
Global
	GlobalSection(SolutionConfigurationPlatforms) = preSolution
		Debug|x64 = Debug|x64
		Debug|x86 = Debug|x86
		Release|x64 = Release|x64
		Release|x86 = Release|x86
	EndGlobalSection
	GlobalSection(ProjectConfigurationPlatforms) = postSolution
		{4F82F3CC-0CE0-4927-A588-694E05E8A8F7}.Debug|x64.ActiveCfg = Debug|x64
		{4F82F3CC-0CE0-4927-A588-694E05E8A8F7}.Debug|x64.Build.0 = Debug|x64
		{4F82F3CC-0CE0-4927-A588-694E05E8A8F7}.Debug|x86.ActiveCfg = Debug|Win32
		{4F82F3CC-0CE0-4927-A588-694E05E8A8F7}.Debug|x86.Build.0 = Debug|Win32
		{4F82F3CC-0CE0-4927-A588-694E05E8A8F7}.Release|x64.ActiveCfg = Release|x64
		{4F82F3CC-0CE0-4927-A588-694E05E8A8F7}.Release|x64.Build.0 = Release|x64
		{4F82F3CC-0CE0-4927-A588-694E05E8A8F7}.Release|x86.ActiveCfg = Release|Win32
		{4F82F3CC-0CE0-4927-A588-694E05E8A8F7}.Release|x86.Build.0 = Release|Win32
	EndGlobalSection
	GlobalSection(SolutionProperties) = preSolution
		HideSolutionNode = FALSE
	EndGlobalSection
	GlobalSection(ExtensibilityGlobals) = postSolution
		SolutionGuid = {FEAD70CF-1550-42FB-B8BD-3F2D0D8B7C27}
	EndGlobalSection
EndGlobal
